{
  "version": 4,
  "terraform_version": "1.1.4",
  "serial": 8,
  "lineage": "7b9fdee4-ea44-99ba-0933-6ca934d81022",
  "outputs": {},
  "resources": [
    {
      "mode": "managed",
      "type": "azurerm_app_service",
      "name": "manishaverma",
      "provider": "provider[\"registry.terraform.io/hashicorp/azurerm\"]",
      "instances": [
        {
          "schema_version": 0,
          "attributes": {
            "app_service_plan_id": "/subscriptions/55cf0ba9-e3c1-4ced-b5e9-5abb7b4d39b1/resourceGroups/mt_tf_manisha/providers/Microsoft.Web/serverfarms/my_tf_verma",
            "app_settings": {
              "WEBSITE_NODE_DEFAULT_VERSION": "6.9.1"
            },
            "auth_settings": [
              {
                "active_directory": [],
                "additional_login_params": {},
                "allowed_external_redirect_urls": [],
                "default_provider": "",
                "enabled": false,
                "facebook": [],
                "google": [],
                "issuer": "",
                "microsoft": [],
                "runtime_version": "",
                "token_refresh_extension_hours": 0,
                "token_store_enabled": false,
                "twitter": [],
                "unauthenticated_client_action": ""
              }
            ],
            "backup": [],
            "client_affinity_enabled": false,
            "client_cert_enabled": false,
            "client_cert_mode": "Required",
            "connection_string": [],
            "custom_domain_verification_id": "4EA6B44EA9CBA2A613FD589B927B130B24169E88A4BDAF1A7C9287D2870DD22E",
            "default_site_hostname": "manishaverma-app-service.azurewebsites.net",
            "enabled": true,
            "https_only": false,
            "id": "/subscriptions/55cf0ba9-e3c1-4ced-b5e9-5abb7b4d39b1/resourceGroups/mt_tf_manisha/providers/Microsoft.Web/sites/manishaverma-app-service",
            "identity": [],
            "key_vault_reference_identity_id": "SystemAssigned",
            "location": "centralindia",
            "logs": [
              {
                "application_logs": [
                  {
                    "azure_blob_storage": [],
                    "file_system_level": "Off"
                  }
                ],
                "detailed_error_messages_enabled": false,
                "failed_request_tracing_enabled": false,
                "http_logs": [
                  {
                    "azure_blob_storage": [],
                    "file_system": []
                  }
                ]
              }
            ],
            "name": "manishaverma-app-service",
            "outbound_ip_address_list": [
              "20.193.231.232",
              "20.193.229.74",
              "20.198.103.253",
              "20.193.228.0",
              "52.172.239.170",
              "40.80.95.131",
              "20.192.98.162"
            ],
            "outbound_ip_addresses": "20.193.231.232,20.193.229.74,20.198.103.253,20.193.228.0,52.172.239.170,40.80.95.131,20.192.98.162",
            "possible_outbound_ip_address_list": [
              "20.193.231.232",
              "20.193.229.74",
              "20.198.103.253",
              "20.193.228.0",
              "52.172.239.170",
              "40.80.95.131",
              "20.198.96.142",
              "20.198.100.54",
              "20.198.99.133",
              "52.172.235.55",
              "20.198.102.110",
              "52.172.232.196",
              "52.172.238.52",
              "40.80.93.152",
              "52.172.237.65",
              "20.204.49.171",
              "20.204.55.251",
              "20.204.100.145",
              "20.204.55.42",
              "20.204.51.94",
              "20.198.101.131",
              "52.172.232.173",
              "20.204.53.213",
              "20.204.100.169",
              "52.172.237.194",
              "52.172.234.162",
              "20.193.247.20",
              "20.204.101.186",
              "20.204.102.251",
              "20.204.103.173",
              "20.192.98.162"
            ],
            "possible_outbound_ip_addresses": "20.193.231.232,20.193.229.74,20.198.103.253,20.193.228.0,52.172.239.170,40.80.95.131,20.198.96.142,20.198.100.54,20.198.99.133,52.172.235.55,20.198.102.110,52.172.232.196,52.172.238.52,40.80.93.152,52.172.237.65,20.204.49.171,20.204.55.251,20.204.100.145,20.204.55.42,20.204.51.94,20.198.101.131,52.172.232.173,20.204.53.213,20.204.100.169,52.172.237.194,52.172.234.162,20.193.247.20,20.204.101.186,20.204.102.251,20.204.103.173,20.192.98.162",
            "resource_group_name": "mt_tf_manisha",
            "site_config": [
              {
                "acr_use_managed_identity_credentials": false,
                "acr_user_managed_identity_client_id": "",
                "always_on": false,
                "app_command_line": "",
                "auto_swap_slot_name": "",
                "cors": [],
                "default_documents": [
                  "Default.htm",
                  "Default.html",
                  "Default.asp",
                  "index.htm",
                  "index.html",
                  "iisstart.htm",
                  "default.aspx",
                  "index.php",
                  "hostingstart.html"
                ],
                "dotnet_framework_version": "v4.0",
                "ftps_state": "AllAllowed",
                "health_check_path": "",
                "http2_enabled": false,
                "ip_restriction": [],
                "java_container": "",
                "java_container_version": "",
                "java_version": "",
                "linux_fx_version": "",
                "local_mysql_enabled": false,
                "managed_pipeline_mode": "Integrated",
                "min_tls_version": "1.2",
                "number_of_workers": 1,
                "php_version": "5.6",
                "python_version": "",
                "remote_debugging_enabled": false,
                "remote_debugging_version": "",
                "scm_ip_restriction": [],
                "scm_type": "None",
                "scm_use_main_ip_restriction": false,
                "use_32_bit_worker_process": true,
                "vnet_route_all_enabled": false,
                "websockets_enabled": false,
                "windows_fx_version": ""
              }
            ],
            "site_credential": [
              {
                "password": "MSA69E5ftbjvwwgZlSudjZ3jwaCWM3PLQwT5tYCnqhuBuZ7aaqGdDGsSjTEZ",
                "username": "$manishaverma-app-service"
              }
            ],
            "source_control": [
              {
                "branch": "master",
                "manual_integration": false,
                "repo_url": "",
                "rollback_enabled": false,
                "use_mercurial": false
              }
            ],
            "storage_account": [],
            "tags": null,
            "timeouts": null
          },
          "sensitive_attributes": [],
          "private": "eyJlMmJmYjczMC1lY2FhLTExZTYtOGY4OC0zNDM2M2JjN2M0YzAiOnsiY3JlYXRlIjoxODAwMDAwMDAwMDAwLCJkZWxldGUiOjE4MDAwMDAwMDAwMDAsInJlYWQiOjMwMDAwMDAwMDAwMCwidXBkYXRlIjoxODAwMDAwMDAwMDAwfX0=",
          "dependencies": [
            "azurerm_app_service_plan.verma",
            "azurerm_resource_group.manisha"
          ]
        }
      ]
    },
    {
      "mode": "managed",
      "type": "azurerm_app_service_plan",
      "name": "verma",
      "provider": "provider[\"registry.terraform.io/hashicorp/azurerm\"]",
      "instances": [
        {
          "schema_version": 0,
          "attributes": {
            "app_service_environment_id": "",
            "id": "/subscriptions/55cf0ba9-e3c1-4ced-b5e9-5abb7b4d39b1/resourceGroups/mt_tf_manisha/providers/Microsoft.Web/serverfarms/my_tf_verma",
            "is_xenon": false,
            "kind": "Windows",
            "location": "centralindia",
            "maximum_elastic_worker_count": 1,
            "maximum_number_of_workers": 10,
            "name": "my_tf_verma",
            "per_site_scaling": false,
            "reserved": false,
            "resource_group_name": "mt_tf_manisha",
            "sku": [
              {
                "capacity": 1,
                "size": "S1",
                "tier": "Standard"
              }
            ],
            "tags": {},
            "timeouts": null,
            "zone_redundant": false
          },
          "sensitive_attributes": [],
          "private": "eyJlMmJmYjczMC1lY2FhLTExZTYtOGY4OC0zNDM2M2JjN2M0YzAiOnsiY3JlYXRlIjozNjAwMDAwMDAwMDAwLCJkZWxldGUiOjM2MDAwMDAwMDAwMDAsInJlYWQiOjMwMDAwMDAwMDAwMCwidXBkYXRlIjozNjAwMDAwMDAwMDAwfX0=",
          "dependencies": [
            "azurerm_resource_group.manisha"
          ]
        }
      ]
    },
    {
      "mode": "managed",
      "type": "azurerm_resource_group",
      "name": "manisha",
      "provider": "provider[\"registry.terraform.io/hashicorp/azurerm\"]",
      "instances": [
        {
          "schema_version": 0,
          "attributes": {
            "id": "/subscriptions/55cf0ba9-e3c1-4ced-b5e9-5abb7b4d39b1/resourceGroups/mt_tf_manisha",
            "location": "centralindia",
            "name": "mt_tf_manisha",
            "tags": {},
            "timeouts": null
          },
          "sensitive_attributes": [],
          "private": "eyJlMmJmYjczMC1lY2FhLTExZTYtOGY4OC0zNDM2M2JjN2M0YzAiOnsiY3JlYXRlIjo1NDAwMDAwMDAwMDAwLCJkZWxldGUiOjU0MDAwMDAwMDAwMDAsInJlYWQiOjMwMDAwMDAwMDAwMCwidXBkYXRlIjo1NDAwMDAwMDAwMDAwfX0="
        }
      ]
    }
  ]
}
